
Microsoft Visual Studio Solution File, Format Version 12.00
# Visual Studio Version 16
VisualStudioVersion = 16.0.28922.388
MinimumVisualStudioVersion = 10.0.40219.1
Project("{FAE04EC0-301F-11D3-BF4B-00C04F79EFBC}") = "CircumferenceJoelle", "CircumferenceJoelle\CircumferenceJoelle.csproj", "{C8F23671-E0B0-480E-A83C-B8E3E8DCC261}"
EndProject
Global
	GlobalSection(SolutionConfigurationPlatforms) = preSolution
		Debug|Any CPU = Debug|Any CPU
		Release|Any CPU = Release|Any CPU
	EndGlobalSection
	GlobalSection(ProjectConfigurationPlatforms) = postSolution
		{C8F23671-E0B0-480E-A83C-B8E3E8DCC261}.Debug|Any CPU.ActiveCfg = Debug|Any CPU
		{C8F23671-E0B0-480E-A83C-B8E3E8DCC261}.Debug|Any CPU.Build.0 = Debug|Any CPU
		{C8F23671-E0B0-480E-A83C-B8E3E8DCC261}.Release|Any CPU.ActiveCfg = Release|Any CPU
		{C8F23671-E0B0-480E-A83C-B8E3E8DCC261}.Release|Any CPU.Build.0 = Release|Any CPU
	EndGlobalSection
	GlobalSection(SolutionProperties) = preSolution
		HideSolutionNode = FALSE
	EndGlobalSection
	GlobalSection(ExtensibilityGlobals) = postSolution
		SolutionGuid = {D1986567-2BA5-4F19-8E12-E27424E48E30}
	EndGlobalSection
EndGlobal
